
Microsoft Visual Studio Solution File, Format Version 12.00
# Visual Studio Version 17
VisualStudioVersion = 17.13.35825.156 d17.13
MinimumVisualStudioVersion = 10.0.40219.1
Project("{FAE04EC0-301F-11D3-BF4B-00C04F79EFBC}") = "FondoXYZ.web", "FondoXYZ.web\FondoXYZ.web.csproj", "{E16D0B56-71C6-403B-97FA-F09136FBC0A9}"
EndProject
Global
	GlobalSection(SolutionConfigurationPlatforms) = preSolution
		Debug|Any CPU = Debug|Any CPU
		Release|Any CPU = Release|Any CPU
	EndGlobalSection
	GlobalSection(ProjectConfigurationPlatforms) = postSolution
		{E16D0B56-71C6-403B-97FA-F09136FBC0A9}.Debug|Any CPU.ActiveCfg = Debug|Any CPU
		{E16D0B56-71C6-403B-97FA-F09136FBC0A9}.Debug|Any CPU.Build.0 = Debug|Any CPU
		{E16D0B56-71C6-403B-97FA-F09136FBC0A9}.Release|Any CPU.ActiveCfg = Release|Any CPU
		{E16D0B56-71C6-403B-97FA-F09136FBC0A9}.Release|Any CPU.Build.0 = Release|Any CPU
	EndGlobalSection
	GlobalSection(SolutionProperties) = preSolution
		HideSolutionNode = FALSE
	EndGlobalSection
	GlobalSection(ExtensibilityGlobals) = postSolution
		SolutionGuid = {D320729E-97ED-4EDB-9393-E5F9AB5EC0BC}
	EndGlobalSection
EndGlobal
